
Microsoft Visual Studio Solution File, Format Version 12.00
# Visual Studio Version 16
VisualStudioVersion = 16.0.29709.97
MinimumVisualStudioVersion = 10.0.40219.1
Project("{FAE04EC0-301F-11D3-BF4B-00C04F79EFBC}") = "Pearson Correlation", "Pearson Correlation\Pearson Correlation.csproj", "{52E3B790-667C-4CAB-A3F0-BD7E447210D0}"
EndProject
Global
	GlobalSection(SolutionConfigurationPlatforms) = preSolution
		Debug|Any CPU = Debug|Any CPU
		Release|Any CPU = Release|Any CPU
	EndGlobalSection
	GlobalSection(ProjectConfigurationPlatforms) = postSolution
		{52E3B790-667C-4CAB-A3F0-BD7E447210D0}.Debug|Any CPU.ActiveCfg = Debug|Any CPU
		{52E3B790-667C-4CAB-A3F0-BD7E447210D0}.Debug|Any CPU.Build.0 = Debug|Any CPU
		{52E3B790-667C-4CAB-A3F0-BD7E447210D0}.Release|Any CPU.ActiveCfg = Release|Any CPU
		{52E3B790-667C-4CAB-A3F0-BD7E447210D0}.Release|Any CPU.Build.0 = Release|Any CPU
	EndGlobalSection
	GlobalSection(SolutionProperties) = preSolution
		HideSolutionNode = FALSE
	EndGlobalSection
	GlobalSection(ExtensibilityGlobals) = postSolution
		SolutionGuid = {2177DD51-1912-4977-AD3A-0EC6E69CF173}
	EndGlobalSection
EndGlobal
